// !$*UTF8*$!
{
	archiveVersion = 1;
	classes = {
	};
	objectVersion = 55;
	objects = {

/* Begin PBXBuildFile section */
		A1000001 /* LighthouseKeeperApp.swift in Sources */ = {isa = PBXBuildFile; fileRef = B1000001 /* LighthouseKeeperApp.swift */; };
		A1000002 /* ContentView.swift in Sources */ = {isa = PBXBuildFile; fileRef = B1000002 /* ContentView.swift */; };
		A1000003 /* LighthouseKeeperModels.swift in Sources */ = {isa = PBXBuildFile; fileRef = B1000003 /* LighthouseKeeperModels.swift */; };
		A1000004 /* LighthouseKeeperStore.swift in Sources */ = {isa = PBXBuildFile; fileRef = B1000004 /* LighthouseKeeperStore.swift */; };
		A1000005 /* LighthouseKeeperCatalog.swift in Sources */ = {isa = PBXBuildFile; fileRef = B1000005 /* LighthouseKeeperCatalog.swift */; };
		A1000006 /* LighthouseKeeperPalette.swift in Sources */ = {isa = PBXBuildFile; fileRef = B1000006 /* LighthouseKeeperPalette.swift */; };
		A1000007 /* LighthouseKeeperShapes.swift in Sources */ = {isa = PBXBuildFile; fileRef = B1000007 /* LighthouseKeeperShapes.swift */; };
		A1000008 /* TowerView.swift in Sources */ = {isa = PBXBuildFile; fileRef = B1000008 /* TowerView.swift */; };
		A1000009 /* TowerSheets.swift in Sources */ = {isa = PBXBuildFile; fileRef = B1000009 /* TowerSheets.swift */; };
		A1000010 /* RegistryView.swift in Sources */ = {isa = PBXBuildFile; fileRef = B1000010 /* RegistryView.swift */; };
		A1000011 /* LettersView.swift in Sources */ = {isa = PBXBuildFile; fileRef = B1000011 /* LettersView.swift */; };
		A1000012 /* JournalView.swift in Sources */ = {isa = PBXBuildFile; fileRef = B1000012 /* JournalView.swift */; };
		A1000013 /* AlmanacView.swift in Sources */ = {isa = PBXBuildFile; fileRef = B1000013 /* AlmanacView.swift */; };
		A1000014 /* LighthouseKeeperWebPanel.swift in Sources */ = {isa = PBXBuildFile; fileRef = B1000014 /* LighthouseKeeperWebPanel.swift */; };
		A1000015 /* LighthouseKeeperLoadingScreen.swift in Sources */ = {isa = PBXBuildFile; fileRef = B1000015 /* LighthouseKeeperLoadingScreen.swift */; };
		A1000016 /* Assets.xcassets in Resources */ = {isa = PBXBuildFile; fileRef = B1000016 /* Assets.xcassets */; };
/* End PBXBuildFile section */

/* Begin PBXFileReference section */
		B1000001 /* LighthouseKeeperApp.swift */ = {isa = PBXFileReference; lastKnownFileType = sourcecode.swift; path = LighthouseKeeperApp.swift; sourceTree = "<group>"; };
		B1000002 /* ContentView.swift */ = {isa = PBXFileReference; lastKnownFileType = sourcecode.swift; path = ContentView.swift; sourceTree = "<group>"; };
		B1000003 /* LighthouseKeeperModels.swift */ = {isa = PBXFileReference; lastKnownFileType = sourcecode.swift; path = LighthouseKeeperModels.swift; sourceTree = "<group>"; };
		B1000004 /* LighthouseKeeperStore.swift */ = {isa = PBXFileReference; lastKnownFileType = sourcecode.swift; path = LighthouseKeeperStore.swift; sourceTree = "<group>"; };
		B1000005 /* LighthouseKeeperCatalog.swift */ = {isa = PBXFileReference; lastKnownFileType = sourcecode.swift; path = LighthouseKeeperCatalog.swift; sourceTree = "<group>"; };
		B1000006 /* LighthouseKeeperPalette.swift */ = {isa = PBXFileReference; lastKnownFileType = sourcecode.swift; path = LighthouseKeeperPalette.swift; sourceTree = "<group>"; };
		B1000007 /* LighthouseKeeperShapes.swift */ = {isa = PBXFileReference; lastKnownFileType = sourcecode.swift; path = LighthouseKeeperShapes.swift; sourceTree = "<group>"; };
		B1000008 /* TowerView.swift */ = {isa = PBXFileReference; lastKnownFileType = sourcecode.swift; path = TowerView.swift; sourceTree = "<group>"; };
		B1000009 /* TowerSheets.swift */ = {isa = PBXFileReference; lastKnownFileType = sourcecode.swift; path = TowerSheets.swift; sourceTree = "<group>"; };
		B1000010 /* RegistryView.swift */ = {isa = PBXFileReference; lastKnownFileType = sourcecode.swift; path = RegistryView.swift; sourceTree = "<group>"; };
		B1000011 /* LettersView.swift */ = {isa = PBXFileReference; lastKnownFileType = sourcecode.swift; path = LettersView.swift; sourceTree = "<group>"; };
		B1000012 /* JournalView.swift */ = {isa = PBXFileReference; lastKnownFileType = sourcecode.swift; path = JournalView.swift; sourceTree = "<group>"; };
		B1000013 /* AlmanacView.swift */ = {isa = PBXFileReference; lastKnownFileType = sourcecode.swift; path = AlmanacView.swift; sourceTree = "<group>"; };
		B1000014 /* LighthouseKeeperWebPanel.swift */ = {isa = PBXFileReference; lastKnownFileType = sourcecode.swift; path = LighthouseKeeperWebPanel.swift; sourceTree = "<group>"; };
		B1000015 /* LighthouseKeeperLoadingScreen.swift */ = {isa = PBXFileReference; lastKnownFileType = sourcecode.swift; path = LighthouseKeeperLoadingScreen.swift; sourceTree = "<group>"; };
		B1000016 /* Assets.xcassets */ = {isa = PBXFileReference; lastKnownFileType = folder.assetcatalog; path = Assets.xcassets; sourceTree = "<group>"; };
		B1000017 /* Info.plist */ = {isa = PBXFileReference; lastKnownFileType = text.plist.xml; path = Info.plist; sourceTree = "<group>"; };
		C1000001 /* Lighthouse Keeper.app */ = {isa = PBXFileReference; explicitFileType = wrapper.application; includeInIndex = 0; path = "Lighthouse Keeper.app"; sourceTree = BUILT_PRODUCTS_DIR; };
/* End PBXFileReference section */

/* Begin PBXFrameworksBuildPhase section */
		F1000001 /* Frameworks */ = {
			isa = PBXFrameworksBuildPhase;
			buildActionMask = 2147483647;
			files = (
			);
			runOnlyForDeploymentPostprocessing = 0;
		};
/* End PBXFrameworksBuildPhase section */

/* Begin PBXGroup section */
		G1000001 = {
			isa = PBXGroup;
			children = (
				G1000002 /* Lighthouse Keeper */,
				G1000003 /* Products */,
			);
			sourceTree = "<group>";
		};
		G1000002 /* Lighthouse Keeper */ = {
			isa = PBXGroup;
			children = (
				B1000001 /* LighthouseKeeperApp.swift */,
				B1000002 /* ContentView.swift */,
				B1000003 /* LighthouseKeeperModels.swift */,
				B1000004 /* LighthouseKeeperStore.swift */,
				B1000005 /* LighthouseKeeperCatalog.swift */,
				B1000006 /* LighthouseKeeperPalette.swift */,
				B1000007 /* LighthouseKeeperShapes.swift */,
				B1000008 /* TowerView.swift */,
				B1000009 /* TowerSheets.swift */,
				B1000010 /* RegistryView.swift */,
				B1000011 /* LettersView.swift */,
				B1000012 /* JournalView.swift */,
				B1000013 /* AlmanacView.swift */,
				B1000014 /* LighthouseKeeperWebPanel.swift */,
				B1000015 /* LighthouseKeeperLoadingScreen.swift */,
				B1000016 /* Assets.xcassets */,
				B1000017 /* Info.plist */,
			);
			path = "Lighthouse Keeper";
			sourceTree = "<group>";
		};
		G1000003 /* Products */ = {
			isa = PBXGroup;
			children = (
				C1000001 /* Lighthouse Keeper.app */,
			);
			name = Products;
			sourceTree = "<group>";
		};
/* End PBXGroup section */

/* Begin PBXNativeTarget section */
		T1000001 /* Lighthouse Keeper */ = {
			isa = PBXNativeTarget;
			buildConfigurationList = L1000001 /* Build configuration list for PBXNativeTarget "Lighthouse Keeper" */;
			buildPhases = (
				P1000001 /* Sources */,
				F1000001 /* Frameworks */,
				R1000001 /* Resources */,
			);
			buildRules = (
			);
			dependencies = (
			);
			name = "Lighthouse Keeper";
			productName = "Lighthouse Keeper";
			productReference = C1000001 /* Lighthouse Keeper.app */;
			productType = "com.apple.product-type.application";
		};
/* End PBXNativeTarget section */

/* Begin PBXProject section */
		PROJECT_OBJ /* Project object */ = {
			isa = PBXProject;
			attributes = {
				BuildIndependentTargetsInParallel = 1;
				LastSwiftUpdateCheck = 1340;
				LastUpgradeCheck = 1340;
				TargetAttributes = {
					T1000001 = {
						CreatedOnToolsVersion = 13.4;
					};
				};
			};
			buildConfigurationList = L1000002 /* Build configuration list for PBXProject "Lighthouse Keeper" */;
			compatibilityVersion = "Xcode 13.0";
			developmentRegion = en;
			hasScannedForEncodings = 0;
			knownRegions = (
				en,
				Base,
			);
			mainGroup = G1000001;
			productRefGroup = G1000003 /* Products */;
			projectDirPath = "";
			projectRoot = "";
			targets = (
				T1000001 /* Lighthouse Keeper */,
			);
		};
/* End PBXProject section */

/* Begin PBXResourcesBuildPhase section */
		R1000001 /* Resources */ = {
			isa = PBXResourcesBuildPhase;
			buildActionMask = 2147483647;
			files = (
				A1000016 /* Assets.xcassets in Resources */,
			);
			runOnlyForDeploymentPostprocessing = 0;
		};
/* End PBXResourcesBuildPhase section */

/* Begin PBXSourcesBuildPhase section */
		P1000001 /* Sources */ = {
			isa = PBXSourcesBuildPhase;
			buildActionMask = 2147483647;
			files = (
				A1000001 /* LighthouseKeeperApp.swift in Sources */,
				A1000002 /* ContentView.swift in Sources */,
				A1000003 /* LighthouseKeeperModels.swift in Sources */,
				A1000004 /* LighthouseKeeperStore.swift in Sources */,
				A1000005 /* LighthouseKeeperCatalog.swift in Sources */,
				A1000006 /* LighthouseKeeperPalette.swift in Sources */,
				A1000007 /* LighthouseKeeperShapes.swift in Sources */,
				A1000008 /* TowerView.swift in Sources */,
				A1000009 /* TowerSheets.swift in Sources */,
				A1000010 /* RegistryView.swift in Sources */,
				A1000011 /* LettersView.swift in Sources */,
				A1000012 /* JournalView.swift in Sources */,
				A1000013 /* AlmanacView.swift in Sources */,
				A1000014 /* LighthouseKeeperWebPanel.swift in Sources */,
				A1000015 /* LighthouseKeeperLoadingScreen.swift in Sources */,
			);
			runOnlyForDeploymentPostprocessing = 0;
		};
/* End PBXSourcesBuildPhase section */

/* Begin XCBuildConfiguration section */
		BUILDCONFIG_DEBUG /* Debug */ = {
			isa = XCBuildConfiguration;
			buildSettings = {
				ALWAYS_SEARCH_USER_PATHS = NO;
				CLANG_ANALYZER_NONNULL = YES;
				CLANG_ANALYZER_NUMBER_OBJECT_CONVERSION = YES_AGGRESSIVE;
				CLANG_CXX_LANGUAGE_STANDARD = "gnu++17";
				CLANG_ENABLE_MODULES = YES;
				CLANG_ENABLE_OBJC_ARC = YES;
				CLANG_ENABLE_OBJC_WEAK = YES;
				CLANG_WARN_BLOCK_CAPTURE_AUTORELEASING = YES;
				CLANG_WARN_BOOL_CONVERSION = YES;
				CLANG_WARN_COMMA = YES;
				CLANG_WARN_CONSTANT_CONVERSION = YES;
				CLANG_WARN_DEPRECATED_OBJC_IMPLEMENTATIONS = YES;
				CLANG_WARN_DIRECT_OBJC_ISA_USAGE = YES_ERROR;
				CLANG_WARN_DOCUMENTATION_COMMENTS = YES;
				CLANG_WARN_EMPTY_BODY = YES;
				CLANG_WARN_ENUM_CONVERSION = YES;
				CLANG_WARN_INFINITE_RECURSION = YES;
				CLANG_WARN_INT_CONVERSION = YES;
				CLANG_WARN_NON_LITERAL_NULL_CONVERSION = YES;
				CLANG_WARN_OBJC_IMPLICIT_RETAIN_SELF = YES;
				CLANG_WARN_OBJC_LITERAL_CONVERSION = YES;
				CLANG_WARN_OBJC_ROOT_CLASS = YES_ERROR;
				CLANG_WARN_QUOTED_INCLUDE_IN_FRAMEWORK_HEADER = YES;
				CLANG_WARN_RANGE_LOOP_ANALYSIS = YES;
				CLANG_WARN_STRICT_PROTOTYPES = YES;
				CLANG_WARN_SUSPICIOUS_MOVE = YES;
				CLANG_WARN_UNGUARDED_AVAILABILITY = YES_AGGRESSIVE;
				CLANG_WARN_UNREACHABLE_CODE = YES;
				CLANG_WARN__DUPLICATE_METHOD_MATCH = YES;
				COPY_PHASE_STRIP = NO;
				DEBUG_INFORMATION_FORMAT = dwarf;
				ENABLE_STRICT_OBJC_MSGSEND = YES;
				ENABLE_TESTABILITY = YES;
				GCC_C_LANGUAGE_STANDARD = gnu11;
				GCC_DYNAMIC_NO_PIC = NO;
				GCC_NO_COMMON_BLOCKS = YES;
				GCC_OPTIMIZATION_LEVEL = 0;
				GCC_PREPROCESSOR_DEFINITIONS = (
					"DEBUG=1",
					"$(inherited)",
				);
				GCC_WARN_64_TO_32_BIT_CONVERSION = YES;
				GCC_WARN_ABOUT_RETURN_TYPE = YES_ERROR;
				GCC_WARN_UNDECLARED_SELECTOR = YES;
				GCC_WARN_UNINITIALIZED_AUTOS = YES_AGGRESSIVE;
				GCC_WARN_UNUSED_FUNCTION = YES;
				GCC_WARN_UNUSED_VARIABLE = YES;
				IPHONEOS_DEPLOYMENT_TARGET = 15.6;
				MTL_ENABLE_DEBUG_INFO = INCLUDE_SOURCE;
				MTL_FAST_MATH = YES;
				ONLY_ACTIVE_ARCH = YES;
				SDKROOT = iphoneos;
				SWIFT_ACTIVE_COMPILATION_CONDITIONS = DEBUG;
				SWIFT_OPTIMIZATION_LEVEL = "-Onone";
			};
			name = Debug;
		};
		BUILDCONFIG_RELEASE /* Release */ = {
			isa = XCBuildConfiguration;
			buildSettings = {
				ALWAYS_SEARCH_USER_PATHS = NO;
				CLANG_ANALYZER_NONNULL = YES;
				CLANG_ANALYZER_NUMBER_OBJECT_CONVERSION = YES_AGGRESSIVE;
				CLANG_CXX_LANGUAGE_STANDARD = "gnu++17";
				CLANG_ENABLE_MODULES = YES;
				CLANG_ENABLE_OBJC_ARC = YES;
				CLANG_ENABLE_OBJC_WEAK = YES;
				CLANG_WARN_BLOCK_CAPTURE_AUTORELEASING = YES;
				CLANG_WARN_BOOL_CONVERSION = YES;
				CLANG_WARN_COMMA = YES;
				CLANG_WARN_CONSTANT_CONVERSION = YES;
				CLANG_WARN_DEPRECATED_OBJC_IMPLEMENTATIONS = YES;
				CLANG_WARN_DIRECT_OBJC_ISA_USAGE = YES_ERROR;
				CLANG_WARN_DOCUMENTATION_COMMENTS = YES;
				CLANG_WARN_EMPTY_BODY = YES;
				CLANG_WARN_ENUM_CONVERSION = YES;
				CLANG_WARN_INFINITE_RECURSION = YES;
				CLANG_WARN_INT_CONVERSION = YES;
				CLANG_WARN_NON_LITERAL_NULL_CONVERSION = YES;
				CLANG_WARN_OBJC_IMPLICIT_RETAIN_SELF = YES;
				CLANG_WARN_OBJC_LITERAL_CONVERSION = YES;
				CLANG_WARN_OBJC_ROOT_CLASS = YES_ERROR;
				CLANG_WARN_QUOTED_INCLUDE_IN_FRAMEWORK_HEADER = YES;
				CLANG_WARN_RANGE_LOOP_ANALYSIS = YES;
				CLANG_WARN_STRICT_PROTOTYPES = YES;
				CLANG_WARN_SUSPICIOUS_MOVE = YES;
				CLANG_WARN_UNGUARDED_AVAILABILITY = YES_AGGRESSIVE;
				CLANG_WARN_UNREACHABLE_CODE = YES;
				CLANG_WARN__DUPLICATE_METHOD_MATCH = YES;
				COPY_PHASE_STRIP = NO;
				DEBUG_INFORMATION_FORMAT = "dwarf-with-dsym";
				ENABLE_NS_ASSERTIONS = NO;
				ENABLE_STRICT_OBJC_MSGSEND = YES;
				GCC_C_LANGUAGE_STANDARD = gnu11;
				GCC_NO_COMMON_BLOCKS = YES;
				GCC_WARN_64_TO_32_BIT_CONVERSION = YES;
				GCC_WARN_ABOUT_RETURN_TYPE = YES_ERROR;
				GCC_WARN_UNDECLARED_SELECTOR = YES;
				GCC_WARN_UNINITIALIZED_AUTOS = YES_AGGRESSIVE;
				GCC_WARN_UNUSED_FUNCTION = YES;
				GCC_WARN_UNUSED_VARIABLE = YES;
				IPHONEOS_DEPLOYMENT_TARGET = 15.6;
				MTL_ENABLE_DEBUG_INFO = NO;
				MTL_FAST_MATH = YES;
				SDKROOT = iphoneos;
				SWIFT_COMPILATION_MODE = wholemodule;
				SWIFT_OPTIMIZATION_LEVEL = "-O";
				VALIDATE_PRODUCT = YES;
			};
			name = Release;
		};
		TARGETCONFIG_DEBUG /* Debug */ = {
			isa = XCBuildConfiguration;
			buildSettings = {
				ASSETCATALOG_COMPILER_APPICON_NAME = AppIcon;
				ASSETCATALOG_COMPILER_GLOBAL_ACCENT_COLOR_NAME = AccentColor;
				CODE_SIGN_STYLE = Manual;
				CURRENT_PROJECT_VERSION = 2;
				DEVELOPMENT_ASSET_PATHS = "";
				ENABLE_PREVIEWS = YES;
				GENERATE_INFOPLIST_FILE = NO;
				INFOPLIST_FILE = "Lighthouse Keeper/Info.plist";
				INFOPLIST_KEY_CFBundleDisplayName = "Lighthouse Keeper";
				INFOPLIST_KEY_UIApplicationSceneManifest_Generation = YES;
				INFOPLIST_KEY_UIApplicationSupportsIndirectInputEvents = YES;
				INFOPLIST_KEY_UILaunchScreen_Generation = YES;
				INFOPLIST_KEY_UISupportedInterfaceOrientations = "UIInterfaceOrientationPortrait UIInterfaceOrientationLandscapeLeft UIInterfaceOrientationLandscapeRight";
				IPHONEOS_DEPLOYMENT_TARGET = 15.6;
				LD_RUNPATH_SEARCH_PATHS = (
					"$(inherited)",
					"@executable_path/Frameworks",
				);
				MARKETING_VERSION = 1.1;
				PRODUCT_BUNDLE_IDENTIFIER = com.lighthouse.keeper;
				PRODUCT_NAME = "Lighthouse Keeper";
				SUPPORTED_PLATFORMS = "iphoneos iphonesimulator";
				SUPPORTS_MACCATALYST = NO;
				SUPPORTS_MAC_DESIGNED_FOR_IPHONE_IPAD = NO;
				SUPPORTS_XR_DESIGNED_FOR_IPHONE_IPAD = NO;
				SWIFT_EMIT_LOC_STRINGS = YES;
				SWIFT_VERSION = 5.0;
				TARGETED_DEVICE_FAMILY = 1;
			};
			name = Debug;
		};
		TARGETCONFIG_RELEASE /* Release */ = {
			isa = XCBuildConfiguration;
			buildSettings = {
				ASSETCATALOG_COMPILER_APPICON_NAME = AppIcon;
				ASSETCATALOG_COMPILER_GLOBAL_ACCENT_COLOR_NAME = AccentColor;
				CODE_SIGN_STYLE = Manual;
				CURRENT_PROJECT_VERSION = 2;
				DEVELOPMENT_ASSET_PATHS = "";
				ENABLE_PREVIEWS = YES;
				GENERATE_INFOPLIST_FILE = NO;
				INFOPLIST_FILE = "Lighthouse Keeper/Info.plist";
				INFOPLIST_KEY_CFBundleDisplayName = "Lighthouse Keeper";
				INFOPLIST_KEY_UIApplicationSceneManifest_Generation = YES;
				INFOPLIST_KEY_UIApplicationSupportsIndirectInputEvents = YES;
				INFOPLIST_KEY_UILaunchScreen_Generation = YES;
				INFOPLIST_KEY_UISupportedInterfaceOrientations = "UIInterfaceOrientationPortrait UIInterfaceOrientationLandscapeLeft UIInterfaceOrientationLandscapeRight";
				IPHONEOS_DEPLOYMENT_TARGET = 15.6;
				LD_RUNPATH_SEARCH_PATHS = (
					"$(inherited)",
					"@executable_path/Frameworks",
				);
				MARKETING_VERSION = 1.1;
				PRODUCT_BUNDLE_IDENTIFIER = com.lighthouse.keeper;
				PRODUCT_NAME = "Lighthouse Keeper";
				SUPPORTED_PLATFORMS = "iphoneos iphonesimulator";
				SUPPORTS_MACCATALYST = NO;
				SUPPORTS_MAC_DESIGNED_FOR_IPHONE_IPAD = NO;
				SUPPORTS_XR_DESIGNED_FOR_IPHONE_IPAD = NO;
				SWIFT_EMIT_LOC_STRINGS = YES;
				SWIFT_VERSION = 5.0;
				TARGETED_DEVICE_FAMILY = 1;
			};
			name = Release;
		};
/* End XCBuildConfiguration section */

/* Begin XCConfigurationList section */
		L1000001 /* Build configuration list for PBXNativeTarget "Lighthouse Keeper" */ = {
			isa = XCConfigurationList;
			buildConfigurations = (
				TARGETCONFIG_DEBUG /* Debug */,
				TARGETCONFIG_RELEASE /* Release */,
			);
			defaultConfigurationIsVisible = 0;
			defaultConfigurationName = Release;
		};
		L1000002 /* Build configuration list for PBXProject "Lighthouse Keeper" */ = {
			isa = XCConfigurationList;
			buildConfigurations = (
				BUILDCONFIG_DEBUG /* Debug */,
				BUILDCONFIG_RELEASE /* Release */,
			);
			defaultConfigurationIsVisible = 0;
			defaultConfigurationName = Release;
		};
/* End XCConfigurationList section */
	};
	rootObject = PROJECT_OBJ /* Project object */;
}
